// !$*UTF8*$!
{
	archiveVersion = 1;
	classes = {
	};
	objectVersion = 56;
	objects = {

/* Begin PBXBuildFile section */
		047384303988552C0CD8AFCF /* Pods_Recipes_RecipesUITests.framework in Frameworks */ = {isa = PBXBuildFile; fileRef = 544D5ECE920550D3FD2DA124 /* Pods_Recipes_RecipesUITests.framework */; };
		26E31FFDC8E0D0B87E4EB32E /* Pods_Recipes.framework in Frameworks */ = {isa = PBXBuildFile; fileRef = 424A8DF1DFE062D083B6C5D8 /* Pods_Recipes.framework */; };
		613648B02A79A122002BD252 /* AppDelegate.swift in Sources */ = {isa = PBXBuildFile; fileRef = 613648AF2A79A122002BD252 /* AppDelegate.swift */; };
		613648B22A79A122002BD252 /* SceneDelegate.swift in Sources */ = {isa = PBXBuildFile; fileRef = 613648B12A79A122002BD252 /* SceneDelegate.swift */; };
		613648B42A79A122002BD252 /* ViewController.swift in Sources */ = {isa = PBXBuildFile; fileRef = 613648B32A79A122002BD252 /* ViewController.swift */; };
		613648B72A79A122002BD252 /* Main.storyboard in Resources */ = {isa = PBXBuildFile; fileRef = 613648B52A79A122002BD252 /* Main.storyboard */; };
		613648BA2A79A122002BD252 /* Recipes.xcdatamodeld in Sources */ = {isa = PBXBuildFile; fileRef = 613648B82A79A122002BD252 /* Recipes.xcdatamodeld */; };
		613648BC2A79A123002BD252 /* Assets.xcassets in Resources */ = {isa = PBXBuildFile; fileRef = 613648BB2A79A123002BD252 /* Assets.xcassets */; };
		613648BF2A79A123002BD252 /* LaunchScreen.storyboard in Resources */ = {isa = PBXBuildFile; fileRef = 613648BD2A79A123002BD252 /* LaunchScreen.storyboard */; };
		613648CA2A79A124002BD252 /* RecipesTests.swift in Sources */ = {isa = PBXBuildFile; fileRef = 613648C92A79A124002BD252 /* RecipesTests.swift */; };
		613648D42A79A124002BD252 /* RecipesUITests.swift in Sources */ = {isa = PBXBuildFile; fileRef = 613648D32A79A124002BD252 /* RecipesUITests.swift */; };
		613648D62A79A124002BD252 /* RecipesUITestsLaunchTests.swift in Sources */ = {isa = PBXBuildFile; fileRef = 613648D52A79A124002BD252 /* RecipesUITestsLaunchTests.swift */; };
		61E191282A7C86100047954F /* Response.swift in Sources */ = {isa = PBXBuildFile; fileRef = 61E191272A7C86100047954F /* Response.swift */; };
		61E191342A7C86A50047954F /* DetailsViewController.swift in Sources */ = {isa = PBXBuildFile; fileRef = 61E191332A7C86A50047954F /* DetailsViewController.swift */; };
		61E191362A7C86AF0047954F /* DetailsViewModel.swift in Sources */ = {isa = PBXBuildFile; fileRef = 61E191352A7C86AF0047954F /* DetailsViewModel.swift */; };
		61E191382A7C86B90047954F /* LoginViewModel.swift in Sources */ = {isa = PBXBuildFile; fileRef = 61E191372A7C86B90047954F /* LoginViewModel.swift */; };
		61E1913A2A7C86C40047954F /* HomeViewModel.swift in Sources */ = {isa = PBXBuildFile; fileRef = 61E191392A7C86C40047954F /* HomeViewModel.swift */; };
		61E1913C2A7C86CE0047954F /* HomeViewController.swift in Sources */ = {isa = PBXBuildFile; fileRef = 61E1913B2A7C86CE0047954F /* HomeViewController.swift */; };
		61E1913E2A7C86D80047954F /* LoginViewController.swift in Sources */ = {isa = PBXBuildFile; fileRef = 61E1913D2A7C86D80047954F /* LoginViewController.swift */; };
		61E191432A7C86F70047954F /* FavouritesViewController.swift in Sources */ = {isa = PBXBuildFile; fileRef = 61E191422A7C86F70047954F /* FavouritesViewController.swift */; };
		61E191452A7C87030047954F /* FavouritesViewModel.swift in Sources */ = {isa = PBXBuildFile; fileRef = 61E191442A7C87030047954F /* FavouritesViewModel.swift */; };
		61E191472A7C87240047954F /* NetworkProtocol.swift in Sources */ = {isa = PBXBuildFile; fileRef = 61E191462A7C87240047954F /* NetworkProtocol.swift */; };
		61E191492A7C87300047954F /* LocalSourceProtocol.swift in Sources */ = {isa = PBXBuildFile; fileRef = 61E191482A7C87300047954F /* LocalSourceProtocol.swift */; };
		61E1914B2A7C87370047954F /* Network.swift in Sources */ = {isa = PBXBuildFile; fileRef = 61E1914A2A7C87370047954F /* Network.swift */; };
		61E1914D2A7C87400047954F /* LocalSource.swift in Sources */ = {isa = PBXBuildFile; fileRef = 61E1914C2A7C87400047954F /* LocalSource.swift */; };
		61E191502A7C87560047954F /* Constants.swift in Sources */ = {isa = PBXBuildFile; fileRef = 61E1914F2A7C87560047954F /* Constants.swift */; };
		DA38E524AF08565F79130D29 /* Pods_RecipesTests.framework in Frameworks */ = {isa = PBXBuildFile; fileRef = 86C089110515D79E6A087482 /* Pods_RecipesTests.framework */; };
/* End PBXBuildFile section */

/* Begin PBXContainerItemProxy section */
		613648C62A79A124002BD252 /* PBXContainerItemProxy */ = {
			isa = PBXContainerItemProxy;
			containerPortal = 613648A42A79A122002BD252 /* Project object */;
			proxyType = 1;
			remoteGlobalIDString = 613648AB2A79A122002BD252;
			remoteInfo = Recipes;
		};
		613648D02A79A124002BD252 /* PBXContainerItemProxy */ = {
			isa = PBXContainerItemProxy;
			containerPortal = 613648A42A79A122002BD252 /* Project object */;
			proxyType = 1;
			remoteGlobalIDString = 613648AB2A79A122002BD252;
			remoteInfo = Recipes;
		};
/* End PBXContainerItemProxy section */

/* Begin PBXFileReference section */
		2F80AD2983CE48341678FDC2 /* Pods-Recipes-RecipesUITests.debug.xcconfig */ = {isa = PBXFileReference; includeInIndex = 1; lastKnownFileType = text.xcconfig; name = "Pods-Recipes-RecipesUITests.debug.xcconfig"; path = "Target Support Files/Pods-Recipes-RecipesUITests/Pods-Recipes-RecipesUITests.debug.xcconfig"; sourceTree = "<group>"; };
		323DE4511FE5F5862E5AB5DD /* Pods-Recipes.debug.xcconfig */ = {isa = PBXFileReference; includeInIndex = 1; lastKnownFileType = text.xcconfig; name = "Pods-Recipes.debug.xcconfig"; path = "Target Support Files/Pods-Recipes/Pods-Recipes.debug.xcconfig"; sourceTree = "<group>"; };
		424A8DF1DFE062D083B6C5D8 /* Pods_Recipes.framework */ = {isa = PBXFileReference; explicitFileType = wrapper.framework; includeInIndex = 0; path = Pods_Recipes.framework; sourceTree = BUILT_PRODUCTS_DIR; };
		544D5ECE920550D3FD2DA124 /* Pods_Recipes_RecipesUITests.framework */ = {isa = PBXFileReference; explicitFileType = wrapper.framework; includeInIndex = 0; path = Pods_Recipes_RecipesUITests.framework; sourceTree = BUILT_PRODUCTS_DIR; };
		613648AC2A79A122002BD252 /* Recipes.app */ = {isa = PBXFileReference; explicitFileType = wrapper.application; includeInIndex = 0; path = Recipes.app; sourceTree = BUILT_PRODUCTS_DIR; };
		613648AF2A79A122002BD252 /* AppDelegate.swift */ = {isa = PBXFileReference; lastKnownFileType = sourcecode.swift; path = AppDelegate.swift; sourceTree = "<group>"; };
		613648B12A79A122002BD252 /* SceneDelegate.swift */ = {isa = PBXFileReference; lastKnownFileType = sourcecode.swift; path = SceneDelegate.swift; sourceTree = "<group>"; };
		613648B32A79A122002BD252 /* ViewController.swift */ = {isa = PBXFileReference; lastKnownFileType = sourcecode.swift; path = ViewController.swift; sourceTree = "<group>"; };
		613648B62A79A122002BD252 /* Base */ = {isa = PBXFileReference; lastKnownFileType = file.storyboard; name = Base; path = Base.lproj/Main.storyboard; sourceTree = "<group>"; };
		613648B92A79A122002BD252 /* Recipes.xcdatamodel */ = {isa = PBXFileReference; lastKnownFileType = wrapper.xcdatamodel; path = Recipes.xcdatamodel; sourceTree = "<group>"; };
		613648BB2A79A123002BD252 /* Assets.xcassets */ = {isa = PBXFileReference; lastKnownFileType = folder.assetcatalog; path = Assets.xcassets; sourceTree = "<group>"; };
		613648BE2A79A123002BD252 /* Base */ = {isa = PBXFileReference; lastKnownFileType = file.storyboard; name = Base; path = Base.lproj/LaunchScreen.storyboard; sourceTree = "<group>"; };
		613648C02A79A123002BD252 /* Info.plist */ = {isa = PBXFileReference; lastKnownFileType = text.plist.xml; path = Info.plist; sourceTree = "<group>"; };
		613648C52A79A124002BD252 /* RecipesTests.xctest */ = {isa = PBXFileReference; explicitFileType = wrapper.cfbundle; includeInIndex = 0; path = RecipesTests.xctest; sourceTree = BUILT_PRODUCTS_DIR; };
		613648C92A79A124002BD252 /* RecipesTests.swift */ = {isa = PBXFileReference; lastKnownFileType = sourcecode.swift; path = RecipesTests.swift; sourceTree = "<group>"; };
		613648CF2A79A124002BD252 /* RecipesUITests.xctest */ = {isa = PBXFileReference; explicitFileType = wrapper.cfbundle; includeInIndex = 0; path = RecipesUITests.xctest; sourceTree = BUILT_PRODUCTS_DIR; };
		613648D32A79A124002BD252 /* RecipesUITests.swift */ = {isa = PBXFileReference; lastKnownFileType = sourcecode.swift; path = RecipesUITests.swift; sourceTree = "<group>"; };
		613648D52A79A124002BD252 /* RecipesUITestsLaunchTests.swift */ = {isa = PBXFileReference; lastKnownFileType = sourcecode.swift; path = RecipesUITestsLaunchTests.swift; sourceTree = "<group>"; };
		61E191272A7C86100047954F /* Response.swift */ = {isa = PBXFileReference; lastKnownFileType = sourcecode.swift; path = Response.swift; sourceTree = "<group>"; };
		61E191332A7C86A50047954F /* DetailsViewController.swift */ = {isa = PBXFileReference; lastKnownFileType = sourcecode.swift; path = DetailsViewController.swift; sourceTree = "<group>"; };
		61E191352A7C86AF0047954F /* DetailsViewModel.swift */ = {isa = PBXFileReference; lastKnownFileType = sourcecode.swift; path = DetailsViewModel.swift; sourceTree = "<group>"; };
		61E191372A7C86B90047954F /* LoginViewModel.swift */ = {isa = PBXFileReference; lastKnownFileType = sourcecode.swift; path = LoginViewModel.swift; sourceTree = "<group>"; };
		61E191392A7C86C40047954F /* HomeViewModel.swift */ = {isa = PBXFileReference; lastKnownFileType = sourcecode.swift; path = HomeViewModel.swift; sourceTree = "<group>"; };
		61E1913B2A7C86CE0047954F /* HomeViewController.swift */ = {isa = PBXFileReference; lastKnownFileType = sourcecode.swift; path = HomeViewController.swift; sourceTree = "<group>"; };
		61E1913D2A7C86D80047954F /* LoginViewController.swift */ = {isa = PBXFileReference; lastKnownFileType = sourcecode.swift; path = LoginViewController.swift; sourceTree = "<group>"; };
		61E191422A7C86F70047954F /* FavouritesViewController.swift */ = {isa = PBXFileReference; lastKnownFileType = sourcecode.swift; path = FavouritesViewController.swift; sourceTree = "<group>"; };
		61E191442A7C87030047954F /* FavouritesViewModel.swift */ = {isa = PBXFileReference; lastKnownFileType = sourcecode.swift; path = FavouritesViewModel.swift; sourceTree = "<group>"; };
		61E191462A7C87240047954F /* NetworkProtocol.swift */ = {isa = PBXFileReference; lastKnownFileType = sourcecode.swift; path = NetworkProtocol.swift; sourceTree = "<group>"; };
		61E191482A7C87300047954F /* LocalSourceProtocol.swift */ = {isa = PBXFileReference; lastKnownFileType = sourcecode.swift; path = LocalSourceProtocol.swift; sourceTree = "<group>"; };
		61E1914A2A7C87370047954F /* Network.swift */ = {isa = PBXFileReference; lastKnownFileType = sourcecode.swift; path = Network.swift; sourceTree = "<group>"; };
		61E1914C2A7C87400047954F /* LocalSource.swift */ = {isa = PBXFileReference; lastKnownFileType = sourcecode.swift; path = LocalSource.swift; sourceTree = "<group>"; };
		61E1914F2A7C87560047954F /* Constants.swift */ = {isa = PBXFileReference; lastKnownFileType = sourcecode.swift; path = Constants.swift; sourceTree = "<group>"; };
		86C089110515D79E6A087482 /* Pods_RecipesTests.framework */ = {isa = PBXFileReference; explicitFileType = wrapper.framework; includeInIndex = 0; path = Pods_RecipesTests.framework; sourceTree = BUILT_PRODUCTS_DIR; };
		953BC2AAA3DC6CC80E643F06 /* Pods-Recipes-RecipesUITests.release.xcconfig */ = {isa = PBXFileReference; includeInIndex = 1; lastKnownFileType = text.xcconfig; name = "Pods-Recipes-RecipesUITests.release.xcconfig"; path = "Target Support Files/Pods-Recipes-RecipesUITests/Pods-Recipes-RecipesUITests.release.xcconfig"; sourceTree = "<group>"; };
		99C5EDCBADB77B7B05F83535 /* Pods-RecipesTests.debug.xcconfig */ = {isa = PBXFileReference; includeInIndex = 1; lastKnownFileType = text.xcconfig; name = "Pods-RecipesTests.debug.xcconfig"; path = "Target Support Files/Pods-RecipesTests/Pods-RecipesTests.debug.xcconfig"; sourceTree = "<group>"; };
		B9C1EBC22A3B09123A69629B /* Pods-RecipesTests.release.xcconfig */ = {isa = PBXFileReference; includeInIndex = 1; lastKnownFileType = text.xcconfig; name = "Pods-RecipesTests.release.xcconfig"; path = "Target Support Files/Pods-RecipesTests/Pods-RecipesTests.release.xcconfig"; sourceTree = "<group>"; };
		E4AEBCE404819FCFB09E6663 /* Pods-Recipes.release.xcconfig */ = {isa = PBXFileReference; includeInIndex = 1; lastKnownFileType = text.xcconfig; name = "Pods-Recipes.release.xcconfig"; path = "Target Support Files/Pods-Recipes/Pods-Recipes.release.xcconfig"; sourceTree = "<group>"; };
/* End PBXFileReference section */

/* Begin PBXFrameworksBuildPhase section */
		613648A92A79A122002BD252 /* Frameworks */ = {
			isa = PBXFrameworksBuildPhase;
			buildActionMask = 2147483647;
			files = (
				26E31FFDC8E0D0B87E4EB32E /* Pods_Recipes.framework in Frameworks */,
			);
			runOnlyForDeploymentPostprocessing = 0;
		};
		613648C22A79A124002BD252 /* Frameworks */ = {
			isa = PBXFrameworksBuildPhase;
			buildActionMask = 2147483647;
			files = (
				DA38E524AF08565F79130D29 /* Pods_RecipesTests.framework in Frameworks */,
			);
			runOnlyForDeploymentPostprocessing = 0;
		};
		613648CC2A79A124002BD252 /* Frameworks */ = {
			isa = PBXFrameworksBuildPhase;
			buildActionMask = 2147483647;
			files = (
				047384303988552C0CD8AFCF /* Pods_Recipes_RecipesUITests.framework in Frameworks */,
			);
			runOnlyForDeploymentPostprocessing = 0;
		};
/* End PBXFrameworksBuildPhase section */

/* Begin PBXGroup section */
		45D9DE8DA0E3442EF15AA4B6 /* Frameworks */ = {
			isa = PBXGroup;
			children = (
				424A8DF1DFE062D083B6C5D8 /* Pods_Recipes.framework */,
				544D5ECE920550D3FD2DA124 /* Pods_Recipes_RecipesUITests.framework */,
				86C089110515D79E6A087482 /* Pods_RecipesTests.framework */,
			);
			name = Frameworks;
			sourceTree = "<group>";
		};
		613648A32A79A122002BD252 = {
			isa = PBXGroup;
			children = (
				613648AE2A79A122002BD252 /* Recipes */,
				613648C82A79A124002BD252 /* RecipesTests */,
				613648D22A79A124002BD252 /* RecipesUITests */,
				613648AD2A79A122002BD252 /* Products */,
				CB8C5034E77D69006AFDC8AC /* Pods */,
				45D9DE8DA0E3442EF15AA4B6 /* Frameworks */,
			);
			sourceTree = "<group>";
		};
		613648AD2A79A122002BD252 /* Products */ = {
			isa = PBXGroup;
			children = (
				613648AC2A79A122002BD252 /* Recipes.app */,
				613648C52A79A124002BD252 /* RecipesTests.xctest */,
				613648CF2A79A124002BD252 /* RecipesUITests.xctest */,
			);
			name = Products;
			sourceTree = "<group>";
		};
		613648AE2A79A122002BD252 /* Recipes */ = {
			isa = PBXGroup;
			children = (
				61E1914E2A7C874B0047954F /* Utils */,
				61E1912D2A7C865A0047954F /* View */,
				61E191242A7C856B0047954F /* Service */,
				61E191232A7C85630047954F /* Model */,
				61E191222A7C85540047954F /* Module */,
				613648AF2A79A122002BD252 /* AppDelegate.swift */,
				613648B12A79A122002BD252 /* SceneDelegate.swift */,
				613648B32A79A122002BD252 /* ViewController.swift */,
				613648C02A79A123002BD252 /* Info.plist */,
				613648B82A79A122002BD252 /* Recipes.xcdatamodeld */,
			);
			path = Recipes;
			sourceTree = "<group>";
		};
		613648C82A79A124002BD252 /* RecipesTests */ = {
			isa = PBXGroup;
			children = (
				613648C92A79A124002BD252 /* RecipesTests.swift */,
			);
			path = RecipesTests;
			sourceTree = "<group>";
		};
		613648D22A79A124002BD252 /* RecipesUITests */ = {
			isa = PBXGroup;
			children = (
				613648D32A79A124002BD252 /* RecipesUITests.swift */,
				613648D52A79A124002BD252 /* RecipesUITestsLaunchTests.swift */,
			);
			path = RecipesUITests;
			sourceTree = "<group>";
		};
		61E191222A7C85540047954F /* Module */ = {
			isa = PBXGroup;
			children = (
				61E1913F2A7C86DE0047954F /* Favourites */,
				61E191302A7C86810047954F /* Details */,
				61E1912A2A7C86430047954F /* Login */,
				61E191292A7C863C0047954F /* Home */,
			);
			path = Module;
			sourceTree = "<group>";
		};
		61E191232A7C85630047954F /* Model */ = {
			isa = PBXGroup;
			children = (
				61E191272A7C86100047954F /* Response.swift */,
			);
			path = Model;
			sourceTree = "<group>";
		};
		61E191242A7C856B0047954F /* Service */ = {
			isa = PBXGroup;
			children = (
				61E191262A7C85840047954F /* RemoteSource */,
				61E191252A7C85780047954F /* LocalSource */,
			);
			path = Service;
			sourceTree = "<group>";
		};
		61E191252A7C85780047954F /* LocalSource */ = {
			isa = PBXGroup;
			children = (
				61E191482A7C87300047954F /* LocalSourceProtocol.swift */,
				61E1914C2A7C87400047954F /* LocalSource.swift */,
			);
			path = LocalSource;
			sourceTree = "<group>";
		};
		61E191262A7C85840047954F /* RemoteSource */ = {
			isa = PBXGroup;
			children = (
				61E191462A7C87240047954F /* NetworkProtocol.swift */,
				61E1914A2A7C87370047954F /* Network.swift */,
			);
			path = RemoteSource;
			sourceTree = "<group>";
		};
		61E191292A7C863C0047954F /* Home */ = {
			isa = PBXGroup;
			children = (
				61E1912F2A7C867B0047954F /* ViewModel */,
				61E1912E2A7C86770047954F /* View */,
			);
			path = Home;
			sourceTree = "<group>";
		};
		61E1912A2A7C86430047954F /* Login */ = {
			isa = PBXGroup;
			children = (
				61E1912C2A7C864E0047954F /* ViewModel */,
				61E1912B2A7C86490047954F /* View */,
			);
			path = Login;
			sourceTree = "<group>";
		};
		61E1912B2A7C86490047954F /* View */ = {
			isa = PBXGroup;
			children = (
				61E1913D2A7C86D80047954F /* LoginViewController.swift */,
			);
			path = View;
			sourceTree = "<group>";
		};
		61E1912C2A7C864E0047954F /* ViewModel */ = {
			isa = PBXGroup;
			children = (
				61E191372A7C86B90047954F /* LoginViewModel.swift */,
			);
			path = ViewModel;
			sourceTree = "<group>";
		};
		61E1912D2A7C865A0047954F /* View */ = {
			isa = PBXGroup;
			children = (
				613648BB2A79A123002BD252 /* Assets.xcassets */,
				613648B52A79A122002BD252 /* Main.storyboard */,
				613648BD2A79A123002BD252 /* LaunchScreen.storyboard */,
			);
			path = View;
			sourceTree = "<group>";
		};
		61E1912E2A7C86770047954F /* View */ = {
			isa = PBXGroup;
			children = (
				61E1913B2A7C86CE0047954F /* HomeViewController.swift */,
			);
			path = View;
			sourceTree = "<group>";
		};
		61E1912F2A7C867B0047954F /* ViewModel */ = {
			isa = PBXGroup;
			children = (
				61E191392A7C86C40047954F /* HomeViewModel.swift */,
			);
			path = ViewModel;
			sourceTree = "<group>";
		};
		61E191302A7C86810047954F /* Details */ = {
			isa = PBXGroup;
			children = (
				61E191322A7C868C0047954F /* ViewModel */,
				61E191312A7C86880047954F /* View */,
			);
			path = Details;
			sourceTree = "<group>";
		};
		61E191312A7C86880047954F /* View */ = {
			isa = PBXGroup;
			children = (
				61E191332A7C86A50047954F /* DetailsViewController.swift */,
			);
			path = View;
			sourceTree = "<group>";
		};
		61E191322A7C868C0047954F /* ViewModel */ = {
			isa = PBXGroup;
			children = (
				61E191352A7C86AF0047954F /* DetailsViewModel.swift */,
			);
			path = ViewModel;
			sourceTree = "<group>";
		};
		61E1913F2A7C86DE0047954F /* Favourites */ = {
			isa = PBXGroup;
			children = (
				61E191412A7C86EA0047954F /* ViewModel */,
				61E191402A7C86E60047954F /* View */,
			);
			path = Favourites;
			sourceTree = "<group>";
		};
		61E191402A7C86E60047954F /* View */ = {
			isa = PBXGroup;
			children = (
				61E191422A7C86F70047954F /* FavouritesViewController.swift */,
			);
			path = View;
			sourceTree = "<group>";
		};
		61E191412A7C86EA0047954F /* ViewModel */ = {
			isa = PBXGroup;
			children = (
				61E191442A7C87030047954F /* FavouritesViewModel.swift */,
			);
			path = ViewModel;
			sourceTree = "<group>";
		};
		61E1914E2A7C874B0047954F /* Utils */ = {
			isa = PBXGroup;
			children = (
				61E1914F2A7C87560047954F /* Constants.swift */,
			);
			path = Utils;
			sourceTree = "<group>";
		};
		CB8C5034E77D69006AFDC8AC /* Pods */ = {
			isa = PBXGroup;
			children = (
				323DE4511FE5F5862E5AB5DD /* Pods-Recipes.debug.xcconfig */,
				E4AEBCE404819FCFB09E6663 /* Pods-Recipes.release.xcconfig */,
				2F80AD2983CE48341678FDC2 /* Pods-Recipes-RecipesUITests.debug.xcconfig */,
				953BC2AAA3DC6CC80E643F06 /* Pods-Recipes-RecipesUITests.release.xcconfig */,
				99C5EDCBADB77B7B05F83535 /* Pods-RecipesTests.debug.xcconfig */,
				B9C1EBC22A3B09123A69629B /* Pods-RecipesTests.release.xcconfig */,
			);
			path = Pods;
			sourceTree = "<group>";
		};
/* End PBXGroup section */

/* Begin PBXNativeTarget section */
		613648AB2A79A122002BD252 /* Recipes */ = {
			isa = PBXNativeTarget;
			buildConfigurationList = 613648D92A79A124002BD252 /* Build configuration list for PBXNativeTarget "Recipes" */;
			buildPhases = (
				754BADBB6ACC1421CF3CCAE2 /* [CP] Check Pods Manifest.lock */,
				613648A82A79A122002BD252 /* Sources */,
				613648A92A79A122002BD252 /* Frameworks */,
				613648AA2A79A122002BD252 /* Resources */,
				B15A87FA46F35F88821A3600 /* [CP] Embed Pods Frameworks */,
			);
			buildRules = (
			);
			dependencies = (
			);
			name = Recipes;
			productName = Recipes;
			productReference = 613648AC2A79A122002BD252 /* Recipes.app */;
			productType = "com.apple.product-type.application";
		};
		613648C42A79A124002BD252 /* RecipesTests */ = {
			isa = PBXNativeTarget;
			buildConfigurationList = 613648DC2A79A124002BD252 /* Build configuration list for PBXNativeTarget "RecipesTests" */;
			buildPhases = (
				A38750C27AE9FDFEF3D6A9D2 /* [CP] Check Pods Manifest.lock */,
				613648C12A79A124002BD252 /* Sources */,
				613648C22A79A124002BD252 /* Frameworks */,
				613648C32A79A124002BD252 /* Resources */,
			);
			buildRules = (
			);
			dependencies = (
				613648C72A79A124002BD252 /* PBXTargetDependency */,
			);
			name = RecipesTests;
			productName = RecipesTests;
			productReference = 613648C52A79A124002BD252 /* RecipesTests.xctest */;
			productType = "com.apple.product-type.bundle.unit-test";
		};
		613648CE2A79A124002BD252 /* RecipesUITests */ = {
			isa = PBXNativeTarget;
			buildConfigurationList = 613648DF2A79A124002BD252 /* Build configuration list for PBXNativeTarget "RecipesUITests" */;
			buildPhases = (
				201212F74FDB76445D048477 /* [CP] Check Pods Manifest.lock */,
				613648CB2A79A124002BD252 /* Sources */,
				613648CC2A79A124002BD252 /* Frameworks */,
				613648CD2A79A124002BD252 /* Resources */,
				D4FFE25BA940FDB57085497D /* [CP] Embed Pods Frameworks */,
			);
			buildRules = (
			);
			dependencies = (
				613648D12A79A124002BD252 /* PBXTargetDependency */,
			);
			name = RecipesUITests;
			productName = RecipesUITests;
			productReference = 613648CF2A79A124002BD252 /* RecipesUITests.xctest */;
			productType = "com.apple.product-type.bundle.ui-testing";
		};
/* End PBXNativeTarget section */

/* Begin PBXProject section */
		613648A42A79A122002BD252 /* Project object */ = {
			isa = PBXProject;
			attributes = {
				BuildIndependentTargetsInParallel = 1;
				LastSwiftUpdateCheck = 1410;
				LastUpgradeCheck = 1410;
				TargetAttributes = {
					613648AB2A79A122002BD252 = {
						CreatedOnToolsVersion = 14.1;
					};
					613648C42A79A124002BD252 = {
						CreatedOnToolsVersion = 14.1;
						TestTargetID = 613648AB2A79A122002BD252;
					};
					613648CE2A79A124002BD252 = {
						CreatedOnToolsVersion = 14.1;
						TestTargetID = 613648AB2A79A122002BD252;
					};
				};
			};
			buildConfigurationList = 613648A72A79A122002BD252 /* Build configuration list for PBXProject "Recipes" */;
			compatibilityVersion = "Xcode 14.0";
			developmentRegion = en;
			hasScannedForEncodings = 0;
			knownRegions = (
				en,
				Base,
			);
			mainGroup = 613648A32A79A122002BD252;
			productRefGroup = 613648AD2A79A122002BD252 /* Products */;
			projectDirPath = "";
			projectRoot = "";
			targets = (
				613648AB2A79A122002BD252 /* Recipes */,
				613648C42A79A124002BD252 /* RecipesTests */,
				613648CE2A79A124002BD252 /* RecipesUITests */,
			);
		};
/* End PBXProject section */

/* Begin PBXResourcesBuildPhase section */
		613648AA2A79A122002BD252 /* Resources */ = {
			isa = PBXResourcesBuildPhase;
			buildActionMask = 2147483647;
			files = (
				613648BF2A79A123002BD252 /* LaunchScreen.storyboard in Resources */,
				613648BC2A79A123002BD252 /* Assets.xcassets in Resources */,
				613648B72A79A122002BD252 /* Main.storyboard in Resources */,
			);
			runOnlyForDeploymentPostprocessing = 0;
		};
		613648C32A79A124002BD252 /* Resources */ = {
			isa = PBXResourcesBuildPhase;
			buildActionMask = 2147483647;
			files = (
			);
			runOnlyForDeploymentPostprocessing = 0;
		};
		613648CD2A79A124002BD252 /* Resources */ = {
			isa = PBXResourcesBuildPhase;
			buildActionMask = 2147483647;
			files = (
			);
			runOnlyForDeploymentPostprocessing = 0;
		};
/* End PBXResourcesBuildPhase section */

/* Begin PBXShellScriptBuildPhase section */
		201212F74FDB76445D048477 /* [CP] Check Pods Manifest.lock */ = {
			isa = PBXShellScriptBuildPhase;
			buildActionMask = 2147483647;
			files = (
			);
			inputFileListPaths = (
			);
			inputPaths = (
				"${PODS_PODFILE_DIR_PATH}/Podfile.lock",
				"${PODS_ROOT}/Manifest.lock",
			);
			name = "[CP] Check Pods Manifest.lock";
			outputFileListPaths = (
			);
			outputPaths = (
				"$(DERIVED_FILE_DIR)/Pods-Recipes-RecipesUITests-checkManifestLockResult.txt",
			);
			runOnlyForDeploymentPostprocessing = 0;
			shellPath = /bin/sh;
			shellScript = "diff \"${PODS_PODFILE_DIR_PATH}/Podfile.lock\" \"${PODS_ROOT}/Manifest.lock\" > /dev/null\nif [ $? != 0 ] ; then\n    # print error to STDERR\n    echo \"error: The sandbox is not in sync with the Podfile.lock. Run 'pod install' or update your CocoaPods installation.\" >&2\n    exit 1\nfi\n# This output is used by Xcode 'outputs' to avoid re-running this script phase.\necho \"SUCCESS\" > \"${SCRIPT_OUTPUT_FILE_0}\"\n";
			showEnvVarsInLog = 0;
		};
		754BADBB6ACC1421CF3CCAE2 /* [CP] Check Pods Manifest.lock */ = {
			isa = PBXShellScriptBuildPhase;
			buildActionMask = 2147483647;
			files = (
			);
			inputFileListPaths = (
			);
			inputPaths = (
				"${PODS_PODFILE_DIR_PATH}/Podfile.lock",
				"${PODS_ROOT}/Manifest.lock",
			);
			name = "[CP] Check Pods Manifest.lock";
			outputFileListPaths = (
			);
			outputPaths = (
				"$(DERIVED_FILE_DIR)/Pods-Recipes-checkManifestLockResult.txt",
			);
			runOnlyForDeploymentPostprocessing = 0;
			shellPath = /bin/sh;
			shellScript = "diff \"${PODS_PODFILE_DIR_PATH}/Podfile.lock\" \"${PODS_ROOT}/Manifest.lock\" > /dev/null\nif [ $? != 0 ] ; then\n    # print error to STDERR\n    echo \"error: The sandbox is not in sync with the Podfile.lock. Run 'pod install' or update your CocoaPods installation.\" >&2\n    exit 1\nfi\n# This output is used by Xcode 'outputs' to avoid re-running this script phase.\necho \"SUCCESS\" > \"${SCRIPT_OUTPUT_FILE_0}\"\n";
			showEnvVarsInLog = 0;
		};
		A38750C27AE9FDFEF3D6A9D2 /* [CP] Check Pods Manifest.lock */ = {
			isa = PBXShellScriptBuildPhase;
			buildActionMask = 2147483647;
			files = (
			);
			inputFileListPaths = (
			);
			inputPaths = (
				"${PODS_PODFILE_DIR_PATH}/Podfile.lock",
				"${PODS_ROOT}/Manifest.lock",
			);
			name = "[CP] Check Pods Manifest.lock";
			outputFileListPaths = (
			);
			outputPaths = (
				"$(DERIVED_FILE_DIR)/Pods-RecipesTests-checkManifestLockResult.txt",
			);
			runOnlyForDeploymentPostprocessing = 0;
			shellPath = /bin/sh;
			shellScript = "diff \"${PODS_PODFILE_DIR_PATH}/Podfile.lock\" \"${PODS_ROOT}/Manifest.lock\" > /dev/null\nif [ $? != 0 ] ; then\n    # print error to STDERR\n    echo \"error: The sandbox is not in sync with the Podfile.lock. Run 'pod install' or update your CocoaPods installation.\" >&2\n    exit 1\nfi\n# This output is used by Xcode 'outputs' to avoid re-running this script phase.\necho \"SUCCESS\" > \"${SCRIPT_OUTPUT_FILE_0}\"\n";
			showEnvVarsInLog = 0;
		};
		B15A87FA46F35F88821A3600 /* [CP] Embed Pods Frameworks */ = {
			isa = PBXShellScriptBuildPhase;
			buildActionMask = 2147483647;
			files = (
			);
			inputFileListPaths = (
				"${PODS_ROOT}/Target Support Files/Pods-Recipes/Pods-Recipes-frameworks-${CONFIGURATION}-input-files.xcfilelist",
			);
			name = "[CP] Embed Pods Frameworks";
			outputFileListPaths = (
				"${PODS_ROOT}/Target Support Files/Pods-Recipes/Pods-Recipes-frameworks-${CONFIGURATION}-output-files.xcfilelist",
			);
			runOnlyForDeploymentPostprocessing = 0;
			shellPath = /bin/sh;
			shellScript = "\"${PODS_ROOT}/Target Support Files/Pods-Recipes/Pods-Recipes-frameworks.sh\"\n";
			showEnvVarsInLog = 0;
		};
		D4FFE25BA940FDB57085497D /* [CP] Embed Pods Frameworks */ = {
			isa = PBXShellScriptBuildPhase;
			buildActionMask = 2147483647;
			files = (
			);
			inputFileListPaths = (
				"${PODS_ROOT}/Target Support Files/Pods-Recipes-RecipesUITests/Pods-Recipes-RecipesUITests-frameworks-${CONFIGURATION}-input-files.xcfilelist",
			);
			name = "[CP] Embed Pods Frameworks";
			outputFileListPaths = (
				"${PODS_ROOT}/Target Support Files/Pods-Recipes-RecipesUITests/Pods-Recipes-RecipesUITests-frameworks-${CONFIGURATION}-output-files.xcfilelist",
			);
			runOnlyForDeploymentPostprocessing = 0;
			shellPath = /bin/sh;
			shellScript = "\"${PODS_ROOT}/Target Support Files/Pods-Recipes-RecipesUITests/Pods-Recipes-RecipesUITests-frameworks.sh\"\n";
			showEnvVarsInLog = 0;
		};
/* End PBXShellScriptBuildPhase section */

/* Begin PBXSourcesBuildPhase section */
		613648A82A79A122002BD252 /* Sources */ = {
			isa = PBXSourcesBuildPhase;
			buildActionMask = 2147483647;
			files = (
				61E191432A7C86F70047954F /* FavouritesViewController.swift in Sources */,
				613648B42A79A122002BD252 /* ViewController.swift in Sources */,
				61E1914B2A7C87370047954F /* Network.swift in Sources */,
				61E191492A7C87300047954F /* LocalSourceProtocol.swift in Sources */,
				61E1913A2A7C86C40047954F /* HomeViewModel.swift in Sources */,
				613648B02A79A122002BD252 /* AppDelegate.swift in Sources */,
				613648B22A79A122002BD252 /* SceneDelegate.swift in Sources */,
				613648BA2A79A122002BD252 /* Recipes.xcdatamodeld in Sources */,
				61E1913C2A7C86CE0047954F /* HomeViewController.swift in Sources */,
				61E1914D2A7C87400047954F /* LocalSource.swift in Sources */,
				61E191382A7C86B90047954F /* LoginViewModel.swift in Sources */,
				61E191452A7C87030047954F /* FavouritesViewModel.swift in Sources */,
				61E191362A7C86AF0047954F /* DetailsViewModel.swift in Sources */,
				61E191472A7C87240047954F /* NetworkProtocol.swift in Sources */,
				61E191282A7C86100047954F /* Response.swift in Sources */,
				61E191342A7C86A50047954F /* DetailsViewController.swift in Sources */,
				61E1913E2A7C86D80047954F /* LoginViewController.swift in Sources */,
				61E191502A7C87560047954F /* Constants.swift in Sources */,
			);
			runOnlyForDeploymentPostprocessing = 0;
		};
		613648C12A79A124002BD252 /* Sources */ = {
			isa = PBXSourcesBuildPhase;
			buildActionMask = 2147483647;
			files = (
				613648CA2A79A124002BD252 /* RecipesTests.swift in Sources */,
			);
			runOnlyForDeploymentPostprocessing = 0;
		};
		613648CB2A79A124002BD252 /* Sources */ = {
			isa = PBXSourcesBuildPhase;
			buildActionMask = 2147483647;
			files = (
				613648D62A79A124002BD252 /* RecipesUITestsLaunchTests.swift in Sources */,
				613648D42A79A124002BD252 /* RecipesUITests.swift in Sources */,
			);
			runOnlyForDeploymentPostprocessing = 0;
		};
/* End PBXSourcesBuildPhase section */

/* Begin PBXTargetDependency section */
		613648C72A79A124002BD252 /* PBXTargetDependency */ = {
			isa = PBXTargetDependency;
			target = 613648AB2A79A122002BD252 /* Recipes */;
			targetProxy = 613648C62A79A124002BD252 /* PBXContainerItemProxy */;
		};
		613648D12A79A124002BD252 /* PBXTargetDependency */ = {
			isa = PBXTargetDependency;
			target = 613648AB2A79A122002BD252 /* Recipes */;
			targetProxy = 613648D02A79A124002BD252 /* PBXContainerItemProxy */;
		};
/* End PBXTargetDependency section */

/* Begin PBXVariantGroup section */
		613648B52A79A122002BD252 /* Main.storyboard */ = {
			isa = PBXVariantGroup;
			children = (
				613648B62A79A122002BD252 /* Base */,
			);
			name = Main.storyboard;
			sourceTree = "<group>";
		};
		613648BD2A79A123002BD252 /* LaunchScreen.storyboard */ = {
			isa = PBXVariantGroup;
			children = (
				613648BE2A79A123002BD252 /* Base */,
			);
			name = LaunchScreen.storyboard;
			sourceTree = "<group>";
		};
/* End PBXVariantGroup section */

/* Begin XCBuildConfiguration section */
		613648D72A79A124002BD252 /* Debug */ = {
			isa = XCBuildConfiguration;
			buildSettings = {
				ALWAYS_SEARCH_USER_PATHS = NO;
				CLANG_ANALYZER_NONNULL = YES;
				CLANG_ANALYZER_NUMBER_OBJECT_CONVERSION = YES_AGGRESSIVE;
				CLANG_CXX_LANGUAGE_STANDARD = "gnu++20";
				CLANG_ENABLE_MODULES = YES;
				CLANG_ENABLE_OBJC_ARC = YES;
				CLANG_ENABLE_OBJC_WEAK = YES;
				CLANG_WARN_BLOCK_CAPTURE_AUTORELEASING = YES;
				CLANG_WARN_BOOL_CONVERSION = YES;
				CLANG_WARN_COMMA = YES;
				CLANG_WARN_CONSTANT_CONVERSION = YES;
				CLANG_WARN_DEPRECATED_OBJC_IMPLEMENTATIONS = YES;
				CLANG_WARN_DIRECT_OBJC_ISA_USAGE = YES_ERROR;
				CLANG_WARN_DOCUMENTATION_COMMENTS = YES;
				CLANG_WARN_EMPTY_BODY = YES;
				CLANG_WARN_ENUM_CONVERSION = YES;
				CLANG_WARN_INFINITE_RECURSION = YES;
				CLANG_WARN_INT_CONVERSION = YES;
				CLANG_WARN_NON_LITERAL_NULL_CONVERSION = YES;
				CLANG_WARN_OBJC_IMPLICIT_RETAIN_SELF = YES;
				CLANG_WARN_OBJC_LITERAL_CONVERSION = YES;
				CLANG_WARN_OBJC_ROOT_CLASS = YES_ERROR;
				CLANG_WARN_QUOTED_INCLUDE_IN_FRAMEWORK_HEADER = YES;
				CLANG_WARN_RANGE_LOOP_ANALYSIS = YES;
				CLANG_WARN_STRICT_PROTOTYPES = YES;
				CLANG_WARN_SUSPICIOUS_MOVE = YES;
				CLANG_WARN_UNGUARDED_AVAILABILITY = YES_AGGRESSIVE;
				CLANG_WARN_UNREACHABLE_CODE = YES;
				CLANG_WARN__DUPLICATE_METHOD_MATCH = YES;
				COPY_PHASE_STRIP = NO;
				DEBUG_INFORMATION_FORMAT = dwarf;
				ENABLE_STRICT_OBJC_MSGSEND = YES;
				ENABLE_TESTABILITY = YES;
				GCC_C_LANGUAGE_STANDARD = gnu11;
				GCC_DYNAMIC_NO_PIC = NO;
				GCC_NO_COMMON_BLOCKS = YES;
				GCC_OPTIMIZATION_LEVEL = 0;
				GCC_PREPROCESSOR_DEFINITIONS = (
					"DEBUG=1",
					"$(inherited)",
				);
				GCC_WARN_64_TO_32_BIT_CONVERSION = YES;
				GCC_WARN_ABOUT_RETURN_TYPE = YES_ERROR;
				GCC_WARN_UNDECLARED_SELECTOR = YES;
				GCC_WARN_UNINITIALIZED_AUTOS = YES_AGGRESSIVE;
				GCC_WARN_UNUSED_FUNCTION = YES;
				GCC_WARN_UNUSED_VARIABLE = YES;
				IPHONEOS_DEPLOYMENT_TARGET = 16.1;
				MTL_ENABLE_DEBUG_INFO = INCLUDE_SOURCE;
				MTL_FAST_MATH = YES;
				ONLY_ACTIVE_ARCH = YES;
				SDKROOT = iphoneos;
				SWIFT_ACTIVE_COMPILATION_CONDITIONS = DEBUG;
				SWIFT_OPTIMIZATION_LEVEL = "-Onone";
			};
			name = Debug;
		};
		613648D82A79A124002BD252 /* Release */ = {
			isa = XCBuildConfiguration;
			buildSettings = {
				ALWAYS_SEARCH_USER_PATHS = NO;
				CLANG_ANALYZER_NONNULL = YES;
				CLANG_ANALYZER_NUMBER_OBJECT_CONVERSION = YES_AGGRESSIVE;
				CLANG_CXX_LANGUAGE_STANDARD = "gnu++20";
				CLANG_ENABLE_MODULES = YES;
				CLANG_ENABLE_OBJC_ARC = YES;
				CLANG_ENABLE_OBJC_WEAK = YES;
				CLANG_WARN_BLOCK_CAPTURE_AUTORELEASING = YES;
				CLANG_WARN_BOOL_CONVERSION = YES;
				CLANG_WARN_COMMA = YES;
				CLANG_WARN_CONSTANT_CONVERSION = YES;
				CLANG_WARN_DEPRECATED_OBJC_IMPLEMENTATIONS = YES;
				CLANG_WARN_DIRECT_OBJC_ISA_USAGE = YES_ERROR;
				CLANG_WARN_DOCUMENTATION_COMMENTS = YES;
				CLANG_WARN_EMPTY_BODY = YES;
				CLANG_WARN_ENUM_CONVERSION = YES;
				CLANG_WARN_INFINITE_RECURSION = YES;
				CLANG_WARN_INT_CONVERSION = YES;
				CLANG_WARN_NON_LITERAL_NULL_CONVERSION = YES;
				CLANG_WARN_OBJC_IMPLICIT_RETAIN_SELF = YES;
				CLANG_WARN_OBJC_LITERAL_CONVERSION = YES;
				CLANG_WARN_OBJC_ROOT_CLASS = YES_ERROR;
				CLANG_WARN_QUOTED_INCLUDE_IN_FRAMEWORK_HEADER = YES;
				CLANG_WARN_RANGE_LOOP_ANALYSIS = YES;
				CLANG_WARN_STRICT_PROTOTYPES = YES;
				CLANG_WARN_SUSPICIOUS_MOVE = YES;
				CLANG_WARN_UNGUARDED_AVAILABILITY = YES_AGGRESSIVE;
				CLANG_WARN_UNREACHABLE_CODE = YES;
				CLANG_WARN__DUPLICATE_METHOD_MATCH = YES;
				COPY_PHASE_STRIP = NO;
				DEBUG_INFORMATION_FORMAT = "dwarf-with-dsym";
				ENABLE_NS_ASSERTIONS = NO;
				ENABLE_STRICT_OBJC_MSGSEND = YES;
				GCC_C_LANGUAGE_STANDARD = gnu11;
				GCC_NO_COMMON_BLOCKS = YES;
				GCC_WARN_64_TO_32_BIT_CONVERSION = YES;
				GCC_WARN_ABOUT_RETURN_TYPE = YES_ERROR;
				GCC_WARN_UNDECLARED_SELECTOR = YES;
				GCC_WARN_UNINITIALIZED_AUTOS = YES_AGGRESSIVE;
				GCC_WARN_UNUSED_FUNCTION = YES;
				GCC_WARN_UNUSED_VARIABLE = YES;
				IPHONEOS_DEPLOYMENT_TARGET = 16.1;
				MTL_ENABLE_DEBUG_INFO = NO;
				MTL_FAST_MATH = YES;
				SDKROOT = iphoneos;
				SWIFT_COMPILATION_MODE = wholemodule;
				SWIFT_OPTIMIZATION_LEVEL = "-O";
				VALIDATE_PRODUCT = YES;
			};
			name = Release;
		};
		613648DA2A79A124002BD252 /* Debug */ = {
			isa = XCBuildConfiguration;
			baseConfigurationReference = 323DE4511FE5F5862E5AB5DD /* Pods-Recipes.debug.xcconfig */;
			buildSettings = {
				ASSETCATALOG_COMPILER_APPICON_NAME = AppIcon;
				ASSETCATALOG_COMPILER_GLOBAL_ACCENT_COLOR_NAME = AccentColor;
				CODE_SIGN_STYLE = Automatic;
				CURRENT_PROJECT_VERSION = 1;
				GENERATE_INFOPLIST_FILE = YES;
				INFOPLIST_FILE = Recipes/Info.plist;
				INFOPLIST_KEY_UIApplicationSupportsIndirectInputEvents = YES;
				INFOPLIST_KEY_UILaunchStoryboardName = LaunchScreen;
				INFOPLIST_KEY_UIMainStoryboardFile = Main;
				INFOPLIST_KEY_UISupportedInterfaceOrientations_iPad = "UIInterfaceOrientationPortrait UIInterfaceOrientationPortraitUpsideDown UIInterfaceOrientationLandscapeLeft UIInterfaceOrientationLandscapeRight";
				INFOPLIST_KEY_UISupportedInterfaceOrientations_iPhone = "UIInterfaceOrientationPortrait UIInterfaceOrientationLandscapeLeft UIInterfaceOrientationLandscapeRight";
				IPHONEOS_DEPLOYMENT_TARGET = 13.0;
				LD_RUNPATH_SEARCH_PATHS = (
					"$(inherited)",
					"@executable_path/Frameworks",
				);
				MARKETING_VERSION = 1.0;
				PRODUCT_BUNDLE_IDENTIFIER = alaagawish.Recipes;
				PRODUCT_NAME = "$(TARGET_NAME)";
				SWIFT_EMIT_LOC_STRINGS = YES;
				SWIFT_VERSION = 5.0;
				TARGETED_DEVICE_FAMILY = "1,2";
			};
			name = Debug;
		};
		613648DB2A79A124002BD252 /* Release */ = {
			isa = XCBuildConfiguration;
			baseConfigurationReference = E4AEBCE404819FCFB09E6663 /* Pods-Recipes.release.xcconfig */;
			buildSettings = {
				ASSETCATALOG_COMPILER_APPICON_NAME = AppIcon;
				ASSETCATALOG_COMPILER_GLOBAL_ACCENT_COLOR_NAME = AccentColor;
				CODE_SIGN_STYLE = Automatic;
				CURRENT_PROJECT_VERSION = 1;
				GENERATE_INFOPLIST_FILE = YES;
				INFOPLIST_FILE = Recipes/Info.plist;
				INFOPLIST_KEY_UIApplicationSupportsIndirectInputEvents = YES;
				INFOPLIST_KEY_UILaunchStoryboardName = LaunchScreen;
				INFOPLIST_KEY_UIMainStoryboardFile = Main;
				INFOPLIST_KEY_UISupportedInterfaceOrientations_iPad = "UIInterfaceOrientationPortrait UIInterfaceOrientationPortraitUpsideDown UIInterfaceOrientationLandscapeLeft UIInterfaceOrientationLandscapeRight";
				INFOPLIST_KEY_UISupportedInterfaceOrientations_iPhone = "UIInterfaceOrientationPortrait UIInterfaceOrientationLandscapeLeft UIInterfaceOrientationLandscapeRight";
				IPHONEOS_DEPLOYMENT_TARGET = 13.0;
				LD_RUNPATH_SEARCH_PATHS = (
					"$(inherited)",
					"@executable_path/Frameworks",
				);
				MARKETING_VERSION = 1.0;
				PRODUCT_BUNDLE_IDENTIFIER = alaagawish.Recipes;
				PRODUCT_NAME = "$(TARGET_NAME)";
				SWIFT_EMIT_LOC_STRINGS = YES;
				SWIFT_VERSION = 5.0;
				TARGETED_DEVICE_FAMILY = "1,2";
			};
			name = Release;
		};
		613648DD2A79A124002BD252 /* Debug */ = {
			isa = XCBuildConfiguration;
			baseConfigurationReference = 99C5EDCBADB77B7B05F83535 /* Pods-RecipesTests.debug.xcconfig */;
			buildSettings = {
				ALWAYS_EMBED_SWIFT_STANDARD_LIBRARIES = YES;
				BUNDLE_LOADER = "$(TEST_HOST)";
				CODE_SIGN_STYLE = Automatic;
				CURRENT_PROJECT_VERSION = 1;
				GENERATE_INFOPLIST_FILE = YES;
				IPHONEOS_DEPLOYMENT_TARGET = 16.1;
				MARKETING_VERSION = 1.0;
				PRODUCT_BUNDLE_IDENTIFIER = alaagawish.RecipesTests;
				PRODUCT_NAME = "$(TARGET_NAME)";
				SWIFT_EMIT_LOC_STRINGS = NO;
				SWIFT_VERSION = 5.0;
				TARGETED_DEVICE_FAMILY = "1,2";
				TEST_HOST = "$(BUILT_PRODUCTS_DIR)/Recipes.app/$(BUNDLE_EXECUTABLE_FOLDER_PATH)/Recipes";
			};
			name = Debug;
		};
		613648DE2A79A124002BD252 /* Release */ = {
			isa = XCBuildConfiguration;
			baseConfigurationReference = B9C1EBC22A3B09123A69629B /* Pods-RecipesTests.release.xcconfig */;
			buildSettings = {
				ALWAYS_EMBED_SWIFT_STANDARD_LIBRARIES = YES;
				BUNDLE_LOADER = "$(TEST_HOST)";
				CODE_SIGN_STYLE = Automatic;
				CURRENT_PROJECT_VERSION = 1;
				GENERATE_INFOPLIST_FILE = YES;
				IPHONEOS_DEPLOYMENT_TARGET = 16.1;
				MARKETING_VERSION = 1.0;
				PRODUCT_BUNDLE_IDENTIFIER = alaagawish.RecipesTests;
				PRODUCT_NAME = "$(TARGET_NAME)";
				SWIFT_EMIT_LOC_STRINGS = NO;
				SWIFT_VERSION = 5.0;
				TARGETED_DEVICE_FAMILY = "1,2";
				TEST_HOST = "$(BUILT_PRODUCTS_DIR)/Recipes.app/$(BUNDLE_EXECUTABLE_FOLDER_PATH)/Recipes";
			};
			name = Release;
		};
		613648E02A79A124002BD252 /* Debug */ = {
			isa = XCBuildConfiguration;
			baseConfigurationReference = 2F80AD2983CE48341678FDC2 /* Pods-Recipes-RecipesUITests.debug.xcconfig */;
			buildSettings = {
				ALWAYS_EMBED_SWIFT_STANDARD_LIBRARIES = YES;
				CODE_SIGN_STYLE = Automatic;
				CURRENT_PROJECT_VERSION = 1;
				GENERATE_INFOPLIST_FILE = YES;
				MARKETING_VERSION = 1.0;
				PRODUCT_BUNDLE_IDENTIFIER = alaagawish.RecipesUITests;
				PRODUCT_NAME = "$(TARGET_NAME)";
				SWIFT_EMIT_LOC_STRINGS = NO;
				SWIFT_VERSION = 5.0;
				TARGETED_DEVICE_FAMILY = "1,2";
				TEST_TARGET_NAME = Recipes;
			};
			name = Debug;
		};
		613648E12A79A124002BD252 /* Release */ = {
			isa = XCBuildConfiguration;
			baseConfigurationReference = 953BC2AAA3DC6CC80E643F06 /* Pods-Recipes-RecipesUITests.release.xcconfig */;
			buildSettings = {
				ALWAYS_EMBED_SWIFT_STANDARD_LIBRARIES = YES;
				CODE_SIGN_STYLE = Automatic;
				CURRENT_PROJECT_VERSION = 1;
				GENERATE_INFOPLIST_FILE = YES;
				MARKETING_VERSION = 1.0;
				PRODUCT_BUNDLE_IDENTIFIER = alaagawish.RecipesUITests;
				PRODUCT_NAME = "$(TARGET_NAME)";
				SWIFT_EMIT_LOC_STRINGS = NO;
				SWIFT_VERSION = 5.0;
				TARGETED_DEVICE_FAMILY = "1,2";
				TEST_TARGET_NAME = Recipes;
			};
			name = Release;
		};
/* End XCBuildConfiguration section */

/* Begin XCConfigurationList section */
		613648A72A79A122002BD252 /* Build configuration list for PBXProject "Recipes" */ = {
			isa = XCConfigurationList;
			buildConfigurations = (
				613648D72A79A124002BD252 /* Debug */,
				613648D82A79A124002BD252 /* Release */,
			);
			defaultConfigurationIsVisible = 0;
			defaultConfigurationName = Release;
		};
		613648D92A79A124002BD252 /* Build configuration list for PBXNativeTarget "Recipes" */ = {
			isa = XCConfigurationList;
			buildConfigurations = (
				613648DA2A79A124002BD252 /* Debug */,
				613648DB2A79A124002BD252 /* Release */,
			);
			defaultConfigurationIsVisible = 0;
			defaultConfigurationName = Release;
		};
		613648DC2A79A124002BD252 /* Build configuration list for PBXNativeTarget "RecipesTests" */ = {
			isa = XCConfigurationList;
			buildConfigurations = (
				613648DD2A79A124002BD252 /* Debug */,
				613648DE2A79A124002BD252 /* Release */,
			);
			defaultConfigurationIsVisible = 0;
			defaultConfigurationName = Release;
		};
		613648DF2A79A124002BD252 /* Build configuration list for PBXNativeTarget "RecipesUITests" */ = {
			isa = XCConfigurationList;
			buildConfigurations = (
				613648E02A79A124002BD252 /* Debug */,
				613648E12A79A124002BD252 /* Release */,
			);
			defaultConfigurationIsVisible = 0;
			defaultConfigurationName = Release;
		};
/* End XCConfigurationList section */

/* Begin XCVersionGroup section */
		613648B82A79A122002BD252 /* Recipes.xcdatamodeld */ = {
			isa = XCVersionGroup;
			children = (
				613648B92A79A122002BD252 /* Recipes.xcdatamodel */,
			);
			currentVersion = 613648B92A79A122002BD252 /* Recipes.xcdatamodel */;
			path = Recipes.xcdatamodeld;
			sourceTree = "<group>";
			versionGroupType = wrapper.xcdatamodel;
		};
/* End XCVersionGroup section */
	};
	rootObject = 613648A42A79A122002BD252 /* Project object */;
}
